
Microsoft Visual Studio Solution File, Format Version 12.00
# Visual Studio Version 17
VisualStudioVersion = 17.0.31903.59
MinimumVisualStudioVersion = 10.0.40219.1
Project("{2150E333-8FDC-42A3-9474-1A3956D46DE8}") = "src", "src", "{4662B939-B0F7-4FFB-AC26-CACB84E29DAD}"
EndProject
Project("{FAE04EC0-301F-11D3-BF4B-00C04F79EFBC}") = "Officify.Api.Host", "src\Officify.Api.Host\Officify.Api.Host.csproj", "{A6F412DE-8222-44B4-8318-0190143775B8}"
EndProject
Project("{FAE04EC0-301F-11D3-BF4B-00C04F79EFBC}") = "Officify.Web.Host", "src\Officify.Web.Host\Officify.Web.Host.csproj", "{7875CD47-A7D4-49D0-8260-7F48666925B5}"
EndProject
Project("{FAE04EC0-301F-11D3-BF4B-00C04F79EFBC}") = "Officify.AppHost", "src\Officify.AppHost\Officify.AppHost.csproj", "{907B8BDB-5307-411C-8AA0-5DA39D1F524D}"
EndProject
Project("{FAE04EC0-301F-11D3-BF4B-00C04F79EFBC}") = "Officify.Core", "src\Officify.Core\Officify.Core.csproj", "{44E63132-EA16-4E6C-AF50-D99A029AC6C7}"
EndProject
Project("{2150E333-8FDC-42A3-9474-1A3956D46DE8}") = "tests", "tests", "{56313EBC-16ED-49F2-8DA5-48F297AF68EF}"
EndProject
Project("{FAE04EC0-301F-11D3-BF4B-00C04F79EFBC}") = "Officify.AppHost.Tests", "tests\Officify.AppHost.Tests\Officify.AppHost.Tests.csproj", "{D758E06E-2AE3-4810-A134-1C893F3E514A}"
EndProject
Project("{2150E333-8FDC-42A3-9474-1A3956D46DE8}") = ".config", ".config", "{ED105AD4-8243-475D-AFF8-A341271ADA29}"
	ProjectSection(SolutionItems) = preProject
		.config\dotnet-tools.json = .config\dotnet-tools.json
	EndProjectSection
EndProject
Project("{2150E333-8FDC-42A3-9474-1A3956D46DE8}") = ".scm", ".scm", "{8BC4416B-6374-4ACD-B1EB-715C712AF340}"
	ProjectSection(SolutionItems) = preProject
		.gitignore = .gitignore
	EndProjectSection
EndProject
Project("{2150E333-8FDC-42A3-9474-1A3956D46DE8}") = ".husky", ".husky", "{39CEFC73-802D-46D3-A22E-BE3E3D31B3EE}"
	ProjectSection(SolutionItems) = preProject
		.husky\pre-commit = .husky\pre-commit
		.husky\task-runner.json = .husky\task-runner.json
	EndProjectSection
EndProject
Project("{2150E333-8FDC-42A3-9474-1A3956D46DE8}") = ".build", ".build", "{8FB16D72-2455-455B-BA41-3662BF2F6371}"
	ProjectSection(SolutionItems) = preProject
		Directory.Build.props = Directory.Build.props
		global.json = global.json
	EndProjectSection
EndProject
Project("{FAE04EC0-301F-11D3-BF4B-00C04F79EFBC}") = "Officify.Core.Tests", "tests\Officify.Core.Tests\Officify.Core.Tests.csproj", "{38AB50D7-33C9-448F-8E60-833514C94627}"
EndProject
Project("{FAE04EC0-301F-11D3-BF4B-00C04F79EFBC}") = "Officify.Models", "src\Officify.Models\Officify.Models.csproj", "{5CB2FBC2-2F1E-4854-84C7-427CAA7277A9}"
EndProject
Project("{FAE04EC0-301F-11D3-BF4B-00C04F79EFBC}") = "Officify.ServiceDefaults.Core", "src\Officify.ServiceDefaults.Core\Officify.ServiceDefaults.Core.csproj", "{010DD15F-4620-40D6-8390-A80AD88F4548}"
EndProject
Project("{FAE04EC0-301F-11D3-BF4B-00C04F79EFBC}") = "Officify.ServiceDefaults.AspNetCore", "src\Officify.ServiceDefaults.AspNetCore\Officify.ServiceDefaults.AspNetCore.csproj", "{0C1252D9-5E93-4B44-A83F-718E70DE1DC5}"
EndProject
Project("{2150E333-8FDC-42A3-9474-1A3956D46DE8}") = ".github", ".github", "{5B8D89C0-DCDC-4120-AD32-56F3ADBC04C5}"
EndProject
Project("{2150E333-8FDC-42A3-9474-1A3956D46DE8}") = "workflows", "workflows", "{9D6E3DF1-44A2-4831-B14E-38ACBCEDBDD5}"
	ProjectSection(SolutionItems) = preProject
		.github\workflows\main.yaml = .github\workflows\main.yaml
		.github\workflows\build_and_test.yaml = .github\workflows\build_and_test.yaml
		.github\workflows\deploy_env.yaml = .github\workflows\deploy_env.yaml
		.github\workflows\deploy_stack.yaml = .github\workflows\deploy_stack.yaml
		.github\workflows\preview_env.yaml = .github\workflows\preview_env.yaml
		.github\workflows\preview_stack.yaml = .github\workflows\preview_stack.yaml
	EndProjectSection
EndProject
Project("{FAE04EC0-301F-11D3-BF4B-00C04F79EFBC}") = "Officify.Infra.Host.Tests", "tests\Officify.Infra.Host.Tests\Officify.Infra.Host.Tests.csproj", "{EC2C9078-C881-42C4-814A-E4BDC8B1F8E2}"
EndProject
Project("{FAE04EC0-301F-11D3-BF4B-00C04F79EFBC}") = "Officify.Web.Host.Tests", "tests\Officify.Web.Host.Tests\Officify.Web.Host.Tests.csproj", "{39083039-804D-43F5-A170-8201477F13D6}"
EndProject
Project("{FAE04EC0-301F-11D3-BF4B-00C04F79EFBC}") = "Officify.Api.Host.Tests", "tests\Officify.Api.Host.Tests\Officify.Api.Host.Tests.csproj", "{63425AB0-C097-478D-8DFC-C84A97EB0911}"
EndProject
Project("{FAE04EC0-301F-11D3-BF4B-00C04F79EFBC}") = "Officify.Infra.Host", "src\Officify.Infra.Host\Officify.Infra.Host.csproj", "{659AA3B1-6EE8-406D-B0E4-E4278B988AE6}"
EndProject
Project("{2150E333-8FDC-42A3-9474-1A3956D46DE8}") = "scripts", "scripts", "{DEB4E554-AD3D-44E6-BA07-F333B29944EE}"
	ProjectSection(SolutionItems) = preProject
		scripts\infra-login.sh = scripts\infra-login.sh
	EndProjectSection
EndProject
Project("{2150E333-8FDC-42A3-9474-1A3956D46DE8}") = "common", "common", "{27B7C12E-1F1E-452E-A48A-D6F91ED1172A}"
EndProject
Project("{2150E333-8FDC-42A3-9474-1A3956D46DE8}") = "setup-dotnet", "setup-dotnet", "{E9423445-BF51-475A-953B-D79B15AE16A5}"
	ProjectSection(SolutionItems) = preProject
		.github\workflows\common\setup-dotnet\action.yaml = .github\workflows\common\setup-dotnet\action.yaml
	EndProjectSection
EndProject
Global
	GlobalSection(SolutionConfigurationPlatforms) = preSolution
		Debug|Any CPU = Debug|Any CPU
		Release|Any CPU = Release|Any CPU
	EndGlobalSection
	GlobalSection(SolutionProperties) = preSolution
		HideSolutionNode = FALSE
	EndGlobalSection
	GlobalSection(ProjectConfigurationPlatforms) = postSolution
		{A6F412DE-8222-44B4-8318-0190143775B8}.Debug|Any CPU.ActiveCfg = Debug|Any CPU
		{A6F412DE-8222-44B4-8318-0190143775B8}.Debug|Any CPU.Build.0 = Debug|Any CPU
		{A6F412DE-8222-44B4-8318-0190143775B8}.Release|Any CPU.ActiveCfg = Release|Any CPU
		{A6F412DE-8222-44B4-8318-0190143775B8}.Release|Any CPU.Build.0 = Release|Any CPU
		{7875CD47-A7D4-49D0-8260-7F48666925B5}.Debug|Any CPU.ActiveCfg = Debug|Any CPU
		{7875CD47-A7D4-49D0-8260-7F48666925B5}.Debug|Any CPU.Build.0 = Debug|Any CPU
		{7875CD47-A7D4-49D0-8260-7F48666925B5}.Release|Any CPU.ActiveCfg = Release|Any CPU
		{7875CD47-A7D4-49D0-8260-7F48666925B5}.Release|Any CPU.Build.0 = Release|Any CPU
		{907B8BDB-5307-411C-8AA0-5DA39D1F524D}.Debug|Any CPU.ActiveCfg = Debug|Any CPU
		{907B8BDB-5307-411C-8AA0-5DA39D1F524D}.Debug|Any CPU.Build.0 = Debug|Any CPU
		{907B8BDB-5307-411C-8AA0-5DA39D1F524D}.Release|Any CPU.ActiveCfg = Release|Any CPU
		{907B8BDB-5307-411C-8AA0-5DA39D1F524D}.Release|Any CPU.Build.0 = Release|Any CPU
		{44E63132-EA16-4E6C-AF50-D99A029AC6C7}.Debug|Any CPU.ActiveCfg = Debug|Any CPU
		{44E63132-EA16-4E6C-AF50-D99A029AC6C7}.Debug|Any CPU.Build.0 = Debug|Any CPU
		{44E63132-EA16-4E6C-AF50-D99A029AC6C7}.Release|Any CPU.ActiveCfg = Release|Any CPU
		{44E63132-EA16-4E6C-AF50-D99A029AC6C7}.Release|Any CPU.Build.0 = Release|Any CPU
		{D758E06E-2AE3-4810-A134-1C893F3E514A}.Debug|Any CPU.ActiveCfg = Debug|Any CPU
		{D758E06E-2AE3-4810-A134-1C893F3E514A}.Debug|Any CPU.Build.0 = Debug|Any CPU
		{D758E06E-2AE3-4810-A134-1C893F3E514A}.Release|Any CPU.ActiveCfg = Release|Any CPU
		{D758E06E-2AE3-4810-A134-1C893F3E514A}.Release|Any CPU.Build.0 = Release|Any CPU
		{38AB50D7-33C9-448F-8E60-833514C94627}.Debug|Any CPU.ActiveCfg = Debug|Any CPU
		{38AB50D7-33C9-448F-8E60-833514C94627}.Debug|Any CPU.Build.0 = Debug|Any CPU
		{38AB50D7-33C9-448F-8E60-833514C94627}.Release|Any CPU.ActiveCfg = Release|Any CPU
		{38AB50D7-33C9-448F-8E60-833514C94627}.Release|Any CPU.Build.0 = Release|Any CPU
		{5CB2FBC2-2F1E-4854-84C7-427CAA7277A9}.Debug|Any CPU.ActiveCfg = Debug|Any CPU
		{5CB2FBC2-2F1E-4854-84C7-427CAA7277A9}.Debug|Any CPU.Build.0 = Debug|Any CPU
		{5CB2FBC2-2F1E-4854-84C7-427CAA7277A9}.Release|Any CPU.ActiveCfg = Release|Any CPU
		{5CB2FBC2-2F1E-4854-84C7-427CAA7277A9}.Release|Any CPU.Build.0 = Release|Any CPU
		{010DD15F-4620-40D6-8390-A80AD88F4548}.Debug|Any CPU.ActiveCfg = Debug|Any CPU
		{010DD15F-4620-40D6-8390-A80AD88F4548}.Debug|Any CPU.Build.0 = Debug|Any CPU
		{010DD15F-4620-40D6-8390-A80AD88F4548}.Release|Any CPU.ActiveCfg = Release|Any CPU
		{010DD15F-4620-40D6-8390-A80AD88F4548}.Release|Any CPU.Build.0 = Release|Any CPU
		{0C1252D9-5E93-4B44-A83F-718E70DE1DC5}.Debug|Any CPU.ActiveCfg = Debug|Any CPU
		{0C1252D9-5E93-4B44-A83F-718E70DE1DC5}.Debug|Any CPU.Build.0 = Debug|Any CPU
		{0C1252D9-5E93-4B44-A83F-718E70DE1DC5}.Release|Any CPU.ActiveCfg = Release|Any CPU
		{0C1252D9-5E93-4B44-A83F-718E70DE1DC5}.Release|Any CPU.Build.0 = Release|Any CPU
		{EC2C9078-C881-42C4-814A-E4BDC8B1F8E2}.Debug|Any CPU.ActiveCfg = Debug|Any CPU
		{EC2C9078-C881-42C4-814A-E4BDC8B1F8E2}.Debug|Any CPU.Build.0 = Debug|Any CPU
		{EC2C9078-C881-42C4-814A-E4BDC8B1F8E2}.Release|Any CPU.ActiveCfg = Release|Any CPU
		{EC2C9078-C881-42C4-814A-E4BDC8B1F8E2}.Release|Any CPU.Build.0 = Release|Any CPU
		{39083039-804D-43F5-A170-8201477F13D6}.Debug|Any CPU.ActiveCfg = Debug|Any CPU
		{39083039-804D-43F5-A170-8201477F13D6}.Debug|Any CPU.Build.0 = Debug|Any CPU
		{39083039-804D-43F5-A170-8201477F13D6}.Release|Any CPU.ActiveCfg = Release|Any CPU
		{39083039-804D-43F5-A170-8201477F13D6}.Release|Any CPU.Build.0 = Release|Any CPU
		{63425AB0-C097-478D-8DFC-C84A97EB0911}.Debug|Any CPU.ActiveCfg = Debug|Any CPU
		{63425AB0-C097-478D-8DFC-C84A97EB0911}.Debug|Any CPU.Build.0 = Debug|Any CPU
		{63425AB0-C097-478D-8DFC-C84A97EB0911}.Release|Any CPU.ActiveCfg = Release|Any CPU
		{63425AB0-C097-478D-8DFC-C84A97EB0911}.Release|Any CPU.Build.0 = Release|Any CPU
		{659AA3B1-6EE8-406D-B0E4-E4278B988AE6}.Debug|Any CPU.ActiveCfg = Debug|Any CPU
		{659AA3B1-6EE8-406D-B0E4-E4278B988AE6}.Debug|Any CPU.Build.0 = Debug|Any CPU
		{659AA3B1-6EE8-406D-B0E4-E4278B988AE6}.Release|Any CPU.ActiveCfg = Release|Any CPU
		{659AA3B1-6EE8-406D-B0E4-E4278B988AE6}.Release|Any CPU.Build.0 = Release|Any CPU
	EndGlobalSection
	GlobalSection(NestedProjects) = preSolution
		{A6F412DE-8222-44B4-8318-0190143775B8} = {4662B939-B0F7-4FFB-AC26-CACB84E29DAD}
		{7875CD47-A7D4-49D0-8260-7F48666925B5} = {4662B939-B0F7-4FFB-AC26-CACB84E29DAD}
		{907B8BDB-5307-411C-8AA0-5DA39D1F524D} = {4662B939-B0F7-4FFB-AC26-CACB84E29DAD}
		{44E63132-EA16-4E6C-AF50-D99A029AC6C7} = {4662B939-B0F7-4FFB-AC26-CACB84E29DAD}
		{D758E06E-2AE3-4810-A134-1C893F3E514A} = {56313EBC-16ED-49F2-8DA5-48F297AF68EF}
		{38AB50D7-33C9-448F-8E60-833514C94627} = {56313EBC-16ED-49F2-8DA5-48F297AF68EF}
		{5CB2FBC2-2F1E-4854-84C7-427CAA7277A9} = {4662B939-B0F7-4FFB-AC26-CACB84E29DAD}
		{010DD15F-4620-40D6-8390-A80AD88F4548} = {4662B939-B0F7-4FFB-AC26-CACB84E29DAD}
		{0C1252D9-5E93-4B44-A83F-718E70DE1DC5} = {4662B939-B0F7-4FFB-AC26-CACB84E29DAD}
		{9D6E3DF1-44A2-4831-B14E-38ACBCEDBDD5} = {5B8D89C0-DCDC-4120-AD32-56F3ADBC04C5}
		{EC2C9078-C881-42C4-814A-E4BDC8B1F8E2} = {56313EBC-16ED-49F2-8DA5-48F297AF68EF}
		{39083039-804D-43F5-A170-8201477F13D6} = {56313EBC-16ED-49F2-8DA5-48F297AF68EF}
		{63425AB0-C097-478D-8DFC-C84A97EB0911} = {56313EBC-16ED-49F2-8DA5-48F297AF68EF}
		{659AA3B1-6EE8-406D-B0E4-E4278B988AE6} = {4662B939-B0F7-4FFB-AC26-CACB84E29DAD}
		{27B7C12E-1F1E-452E-A48A-D6F91ED1172A} = {9D6E3DF1-44A2-4831-B14E-38ACBCEDBDD5}
		{E9423445-BF51-475A-953B-D79B15AE16A5} = {27B7C12E-1F1E-452E-A48A-D6F91ED1172A}
	EndGlobalSection
EndGlobal
